// !$*UTF8*$!
{
	archiveVersion = 1;
	classes = {
	};
	objectVersion = 48;
	objects = {

/* Begin PBXBuildFile section */
		9549B6671FC6CF3900B04BE0 /* AppDelegate.swift in Sources */ = {isa = PBXBuildFile; fileRef = 9549B6661FC6CF3900B04BE0 /* AppDelegate.swift */; };
		9549B6691FC6CF3900B04BE0 /* ViewController.swift in Sources */ = {isa = PBXBuildFile; fileRef = 9549B6681FC6CF3900B04BE0 /* ViewController.swift */; };
		9549B66C1FC6CF3900B04BE0 /* Main.storyboard in Resources */ = {isa = PBXBuildFile; fileRef = 9549B66A1FC6CF3900B04BE0 /* Main.storyboard */; };
		9549B66E1FC6CF3900B04BE0 /* Assets.xcassets in Resources */ = {isa = PBXBuildFile; fileRef = 9549B66D1FC6CF3900B04BE0 /* Assets.xcassets */; };
		9549B6711FC6CF3900B04BE0 /* LaunchScreen.storyboard in Resources */ = {isa = PBXBuildFile; fileRef = 9549B66F1FC6CF3900B04BE0 /* LaunchScreen.storyboard */; };
		9549B67B1FC6D1C100B04BE0 /* BSString.swift in Sources */ = {isa = PBXBuildFile; fileRef = 9549B67A1FC6D1C100B04BE0 /* BSString.swift */; };
		9549B67D1FC6DB6A00B04BE0 /* DemoConfig.swift in Sources */ = {isa = PBXBuildFile; fileRef = 9549B67C1FC6DB6A00B04BE0 /* DemoConfig.swift */; };
		9549B6801FC6DCB600B04BE0 /* DemoListCell.swift in Sources */ = {isa = PBXBuildFile; fileRef = 9549B67F1FC6DCB600B04BE0 /* DemoListCell.swift */; };
		9549B6821FC6DE7C00B04BE0 /* Demo.storyboard in Resources */ = {isa = PBXBuildFile; fileRef = 9549B6811FC6DE7C00B04BE0 /* Demo.storyboard */; };
		95A71D1D1FCBC34C00108201 /* DemoStringVC.swift in Sources */ = {isa = PBXBuildFile; fileRef = 95A71D1C1FCBC34C00108201 /* DemoStringVC.swift */; };
		95A71D1F1FCBC3A000108201 /* Utils.swift in Sources */ = {isa = PBXBuildFile; fileRef = 95A71D1E1FCBC3A000108201 /* Utils.swift */; };
/* End PBXBuildFile section */

/* Begin PBXFileReference section */
		9549B6631FC6CF3900B04BE0 /* BetterSwift.app */ = {isa = PBXFileReference; explicitFileType = wrapper.application; includeInIndex = 0; path = BetterSwift.app; sourceTree = BUILT_PRODUCTS_DIR; };
		9549B6661FC6CF3900B04BE0 /* AppDelegate.swift */ = {isa = PBXFileReference; lastKnownFileType = sourcecode.swift; path = AppDelegate.swift; sourceTree = "<group>"; };
		9549B6681FC6CF3900B04BE0 /* ViewController.swift */ = {isa = PBXFileReference; lastKnownFileType = sourcecode.swift; path = ViewController.swift; sourceTree = "<group>"; };
		9549B66B1FC6CF3900B04BE0 /* Base */ = {isa = PBXFileReference; lastKnownFileType = file.storyboard; name = Base; path = Base.lproj/Main.storyboard; sourceTree = "<group>"; };
		9549B66D1FC6CF3900B04BE0 /* Assets.xcassets */ = {isa = PBXFileReference; lastKnownFileType = folder.assetcatalog; path = Assets.xcassets; sourceTree = "<group>"; };
		9549B6701FC6CF3900B04BE0 /* Base */ = {isa = PBXFileReference; lastKnownFileType = file.storyboard; name = Base; path = Base.lproj/LaunchScreen.storyboard; sourceTree = "<group>"; };
		9549B6721FC6CF3900B04BE0 /* Info.plist */ = {isa = PBXFileReference; lastKnownFileType = text.plist.xml; path = Info.plist; sourceTree = "<group>"; };
		9549B67A1FC6D1C100B04BE0 /* BSString.swift */ = {isa = PBXFileReference; lastKnownFileType = sourcecode.swift; path = BSString.swift; sourceTree = "<group>"; };
		9549B67C1FC6DB6A00B04BE0 /* DemoConfig.swift */ = {isa = PBXFileReference; lastKnownFileType = sourcecode.swift; path = DemoConfig.swift; sourceTree = "<group>"; };
		9549B67F1FC6DCB600B04BE0 /* DemoListCell.swift */ = {isa = PBXFileReference; lastKnownFileType = sourcecode.swift; path = DemoListCell.swift; sourceTree = "<group>"; };
		9549B6811FC6DE7C00B04BE0 /* Demo.storyboard */ = {isa = PBXFileReference; lastKnownFileType = file.storyboard; path = Demo.storyboard; sourceTree = "<group>"; };
		95A71D1C1FCBC34C00108201 /* DemoStringVC.swift */ = {isa = PBXFileReference; lastKnownFileType = sourcecode.swift; path = DemoStringVC.swift; sourceTree = "<group>"; };
		95A71D1E1FCBC3A000108201 /* Utils.swift */ = {isa = PBXFileReference; lastKnownFileType = sourcecode.swift; path = Utils.swift; sourceTree = "<group>"; };
/* End PBXFileReference section */

/* Begin PBXFrameworksBuildPhase section */
		9549B6601FC6CF3900B04BE0 /* Frameworks */ = {
			isa = PBXFrameworksBuildPhase;
			buildActionMask = 2147483647;
			files = (
			);
			runOnlyForDeploymentPostprocessing = 0;
		};
/* End PBXFrameworksBuildPhase section */

/* Begin PBXGroup section */
		9549B65A1FC6CF3900B04BE0 = {
			isa = PBXGroup;
			children = (
				9549B6651FC6CF3900B04BE0 /* BetterSwift */,
				9549B6641FC6CF3900B04BE0 /* Products */,
			);
			sourceTree = "<group>";
		};
		9549B6641FC6CF3900B04BE0 /* Products */ = {
			isa = PBXGroup;
			children = (
				9549B6631FC6CF3900B04BE0 /* BetterSwift.app */,
			);
			name = Products;
			sourceTree = "<group>";
		};
		9549B6651FC6CF3900B04BE0 /* BetterSwift */ = {
			isa = PBXGroup;
			children = (
				9549B67E1FC6DC9E00B04BE0 /* Demo */,
				9549B6781FC6D1B200B04BE0 /* Sources */,
				9549B6661FC6CF3900B04BE0 /* AppDelegate.swift */,
				9549B6681FC6CF3900B04BE0 /* ViewController.swift */,
				9549B66A1FC6CF3900B04BE0 /* Main.storyboard */,
				9549B66D1FC6CF3900B04BE0 /* Assets.xcassets */,
				9549B66F1FC6CF3900B04BE0 /* LaunchScreen.storyboard */,
				9549B6721FC6CF3900B04BE0 /* Info.plist */,
				95A71D1E1FCBC3A000108201 /* Utils.swift */,
			);
			path = BetterSwift;
			sourceTree = "<group>";
		};
		9549B6781FC6D1B200B04BE0 /* Sources */ = {
			isa = PBXGroup;
			children = (
				9549B6791FC6D1B200B04BE0 /* String */,
			);
			path = Sources;
			sourceTree = "<group>";
		};
		9549B6791FC6D1B200B04BE0 /* String */ = {
			isa = PBXGroup;
			children = (
				9549B67A1FC6D1C100B04BE0 /* BSString.swift */,
			);
			path = String;
			sourceTree = "<group>";
		};
		9549B67E1FC6DC9E00B04BE0 /* Demo */ = {
			isa = PBXGroup;
			children = (
				9549B67C1FC6DB6A00B04BE0 /* DemoConfig.swift */,
				9549B67F1FC6DCB600B04BE0 /* DemoListCell.swift */,
				9549B6811FC6DE7C00B04BE0 /* Demo.storyboard */,
				95A71D1C1FCBC34C00108201 /* DemoStringVC.swift */,
			);
			path = Demo;
			sourceTree = "<group>";
		};
/* End PBXGroup section */

/* Begin PBXNativeTarget section */
		9549B6621FC6CF3900B04BE0 /* BetterSwift */ = {
			isa = PBXNativeTarget;
			buildConfigurationList = 9549B6751FC6CF3900B04BE0 /* Build configuration list for PBXNativeTarget "BetterSwift" */;
			buildPhases = (
				9549B65F1FC6CF3900B04BE0 /* Sources */,
				9549B6601FC6CF3900B04BE0 /* Frameworks */,
				9549B6611FC6CF3900B04BE0 /* Resources */,
			);
			buildRules = (
			);
			dependencies = (
			);
			name = BetterSwift;
			productName = BetterSwift;
			productReference = 9549B6631FC6CF3900B04BE0 /* BetterSwift.app */;
			productType = "com.apple.product-type.application";
		};
/* End PBXNativeTarget section */

/* Begin PBXProject section */
		9549B65B1FC6CF3900B04BE0 /* Project object */ = {
			isa = PBXProject;
			attributes = {
				LastSwiftUpdateCheck = 0910;
				LastUpgradeCheck = 0910;
				ORGANIZATIONNAME = AshenDever;
				TargetAttributes = {
					9549B6621FC6CF3900B04BE0 = {
						CreatedOnToolsVersion = 9.1;
						ProvisioningStyle = Automatic;
					};
				};
			};
			buildConfigurationList = 9549B65E1FC6CF3900B04BE0 /* Build configuration list for PBXProject "BetterSwift" */;
			compatibilityVersion = "Xcode 8.0";
			developmentRegion = en;
			hasScannedForEncodings = 0;
			knownRegions = (
				en,
				Base,
			);
			mainGroup = 9549B65A1FC6CF3900B04BE0;
			productRefGroup = 9549B6641FC6CF3900B04BE0 /* Products */;
			projectDirPath = "";
			projectRoot = "";
			targets = (
				9549B6621FC6CF3900B04BE0 /* BetterSwift */,
			);
		};
/* End PBXProject section */

/* Begin PBXResourcesBuildPhase section */
		9549B6611FC6CF3900B04BE0 /* Resources */ = {
			isa = PBXResourcesBuildPhase;
			buildActionMask = 2147483647;
			files = (
				9549B6711FC6CF3900B04BE0 /* LaunchScreen.storyboard in Resources */,
				9549B66E1FC6CF3900B04BE0 /* Assets.xcassets in Resources */,
				9549B66C1FC6CF3900B04BE0 /* Main.storyboard in Resources */,
				9549B6821FC6DE7C00B04BE0 /* Demo.storyboard in Resources */,
			);
			runOnlyForDeploymentPostprocessing = 0;
		};
/* End PBXResourcesBuildPhase section */

/* Begin PBXSourcesBuildPhase section */
		9549B65F1FC6CF3900B04BE0 /* Sources */ = {
			isa = PBXSourcesBuildPhase;
			buildActionMask = 2147483647;
			files = (
				95A71D1D1FCBC34C00108201 /* DemoStringVC.swift in Sources */,
				9549B6801FC6DCB600B04BE0 /* DemoListCell.swift in Sources */,
				9549B6691FC6CF3900B04BE0 /* ViewController.swift in Sources */,
				95A71D1F1FCBC3A000108201 /* Utils.swift in Sources */,
				9549B6671FC6CF3900B04BE0 /* AppDelegate.swift in Sources */,
				9549B67D1FC6DB6A00B04BE0 /* DemoConfig.swift in Sources */,
				9549B67B1FC6D1C100B04BE0 /* BSString.swift in Sources */,
			);
			runOnlyForDeploymentPostprocessing = 0;
		};
/* End PBXSourcesBuildPhase section */

/* Begin PBXVariantGroup section */
		9549B66A1FC6CF3900B04BE0 /* Main.storyboard */ = {
			isa = PBXVariantGroup;
			children = (
				9549B66B1FC6CF3900B04BE0 /* Base */,
			);
			name = Main.storyboard;
			sourceTree = "<group>";
		};
		9549B66F1FC6CF3900B04BE0 /* LaunchScreen.storyboard */ = {
			isa = PBXVariantGroup;
			children = (
				9549B6701FC6CF3900B04BE0 /* Base */,
			);
			name = LaunchScreen.storyboard;
			sourceTree = "<group>";
		};
/* End PBXVariantGroup section */

/* Begin XCBuildConfiguration section */
		9549B6731FC6CF3900B04BE0 /* Debug */ = {
			isa = XCBuildConfiguration;
			buildSettings = {
				ALWAYS_SEARCH_USER_PATHS = NO;
				CLANG_ANALYZER_NONNULL = YES;
				CLANG_ANALYZER_NUMBER_OBJECT_CONVERSION = YES_AGGRESSIVE;
				CLANG_CXX_LANGUAGE_STANDARD = "gnu++14";
				CLANG_CXX_LIBRARY = "libc++";
				CLANG_ENABLE_MODULES = YES;
				CLANG_ENABLE_OBJC_ARC = YES;
				CLANG_WARN_BLOCK_CAPTURE_AUTORELEASING = YES;
				CLANG_WARN_BOOL_CONVERSION = YES;
				CLANG_WARN_COMMA = YES;
				CLANG_WARN_CONSTANT_CONVERSION = YES;
				CLANG_WARN_DIRECT_OBJC_ISA_USAGE = YES_ERROR;
				CLANG_WARN_DOCUMENTATION_COMMENTS = YES;
				CLANG_WARN_EMPTY_BODY = YES;
				CLANG_WARN_ENUM_CONVERSION = YES;
				CLANG_WARN_INFINITE_RECURSION = YES;
				CLANG_WARN_INT_CONVERSION = YES;
				CLANG_WARN_NON_LITERAL_NULL_CONVERSION = YES;
				CLANG_WARN_OBJC_LITERAL_CONVERSION = YES;
				CLANG_WARN_OBJC_ROOT_CLASS = YES_ERROR;
				CLANG_WARN_RANGE_LOOP_ANALYSIS = YES;
				CLANG_WARN_STRICT_PROTOTYPES = YES;
				CLANG_WARN_SUSPICIOUS_MOVE = YES;
				CLANG_WARN_UNGUARDED_AVAILABILITY = YES_AGGRESSIVE;
				CLANG_WARN_UNREACHABLE_CODE = YES;
				CLANG_WARN__DUPLICATE_METHOD_MATCH = YES;
				CODE_SIGN_IDENTITY = "iPhone Developer";
				COPY_PHASE_STRIP = NO;
				DEBUG_INFORMATION_FORMAT = dwarf;
				ENABLE_STRICT_OBJC_MSGSEND = YES;
				ENABLE_TESTABILITY = YES;
				GCC_C_LANGUAGE_STANDARD = gnu11;
				GCC_DYNAMIC_NO_PIC = NO;
				GCC_NO_COMMON_BLOCKS = YES;
				GCC_OPTIMIZATION_LEVEL = 0;
				GCC_PREPROCESSOR_DEFINITIONS = (
					"DEBUG=1",
					"$(inherited)",
				);
				GCC_WARN_64_TO_32_BIT_CONVERSION = YES;
				GCC_WARN_ABOUT_RETURN_TYPE = YES_ERROR;
				GCC_WARN_UNDECLARED_SELECTOR = YES;
				GCC_WARN_UNINITIALIZED_AUTOS = YES_AGGRESSIVE;
				GCC_WARN_UNUSED_FUNCTION = YES;
				GCC_WARN_UNUSED_VARIABLE = YES;
				IPHONEOS_DEPLOYMENT_TARGET = 11.1;
				MTL_ENABLE_DEBUG_INFO = YES;
				ONLY_ACTIVE_ARCH = YES;
				SDKROOT = iphoneos;
				SWIFT_ACTIVE_COMPILATION_CONDITIONS = DEBUG;
				SWIFT_OPTIMIZATION_LEVEL = "-Onone";
			};
			name = Debug;
		};
		9549B6741FC6CF3900B04BE0 /* Release */ = {
			isa = XCBuildConfiguration;
			buildSettings = {
				ALWAYS_SEARCH_USER_PATHS = NO;
				CLANG_ANALYZER_NONNULL = YES;
				CLANG_ANALYZER_NUMBER_OBJECT_CONVERSION = YES_AGGRESSIVE;
				CLANG_CXX_LANGUAGE_STANDARD = "gnu++14";
				CLANG_CXX_LIBRARY = "libc++";
				CLANG_ENABLE_MODULES = YES;
				CLANG_ENABLE_OBJC_ARC = YES;
				CLANG_WARN_BLOCK_CAPTURE_AUTORELEASING = YES;
				CLANG_WARN_BOOL_CONVERSION = YES;
				CLANG_WARN_COMMA = YES;
				CLANG_WARN_CONSTANT_CONVERSION = YES;
				CLANG_WARN_DIRECT_OBJC_ISA_USAGE = YES_ERROR;
				CLANG_WARN_DOCUMENTATION_COMMENTS = YES;
				CLANG_WARN_EMPTY_BODY = YES;
				CLANG_WARN_ENUM_CONVERSION = YES;
				CLANG_WARN_INFINITE_RECURSION = YES;
				CLANG_WARN_INT_CONVERSION = YES;
				CLANG_WARN_NON_LITERAL_NULL_CONVERSION = YES;
				CLANG_WARN_OBJC_LITERAL_CONVERSION = YES;
				CLANG_WARN_OBJC_ROOT_CLASS = YES_ERROR;
				CLANG_WARN_RANGE_LOOP_ANALYSIS = YES;
				CLANG_WARN_STRICT_PROTOTYPES = YES;
				CLANG_WARN_SUSPICIOUS_MOVE = YES;
				CLANG_WARN_UNGUARDED_AVAILABILITY = YES_AGGRESSIVE;
				CLANG_WARN_UNREACHABLE_CODE = YES;
				CLANG_WARN__DUPLICATE_METHOD_MATCH = YES;
				CODE_SIGN_IDENTITY = "iPhone Developer";
				COPY_PHASE_STRIP = NO;
				DEBUG_INFORMATION_FORMAT = "dwarf-with-dsym";
				ENABLE_NS_ASSERTIONS = NO;
				ENABLE_STRICT_OBJC_MSGSEND = YES;
				GCC_C_LANGUAGE_STANDARD = gnu11;
				GCC_NO_COMMON_BLOCKS = YES;
				GCC_WARN_64_TO_32_BIT_CONVERSION = YES;
				GCC_WARN_ABOUT_RETURN_TYPE = YES_ERROR;
				GCC_WARN_UNDECLARED_SELECTOR = YES;
				GCC_WARN_UNINITIALIZED_AUTOS = YES_AGGRESSIVE;
				GCC_WARN_UNUSED_FUNCTION = YES;
				GCC_WARN_UNUSED_VARIABLE = YES;
				IPHONEOS_DEPLOYMENT_TARGET = 11.1;
				MTL_ENABLE_DEBUG_INFO = NO;
				SDKROOT = iphoneos;
				SWIFT_OPTIMIZATION_LEVEL = "-Owholemodule";
				VALIDATE_PRODUCT = YES;
			};
			name = Release;
		};
		9549B6761FC6CF3900B04BE0 /* Debug */ = {
			isa = XCBuildConfiguration;
			buildSettings = {
				ASSETCATALOG_COMPILER_APPICON_NAME = AppIcon;
				CODE_SIGN_STYLE = Automatic;
				DEVELOPMENT_TEAM = 773A426V2P;
				INFOPLIST_FILE = BetterSwift/Info.plist;
				LD_RUNPATH_SEARCH_PATHS = "$(inherited) @executable_path/Frameworks";
				PRODUCT_BUNDLE_IDENTIFIER = com.hhmeidc.BetterSwift;
				PRODUCT_NAME = "$(TARGET_NAME)";
				SWIFT_VERSION = 4.0;
				TARGETED_DEVICE_FAMILY = "1,2";
			};
			name = Debug;
		};
		9549B6771FC6CF3900B04BE0 /* Release */ = {
			isa = XCBuildConfiguration;
			buildSettings = {
				ASSETCATALOG_COMPILER_APPICON_NAME = AppIcon;
				CODE_SIGN_STYLE = Automatic;
				DEVELOPMENT_TEAM = 773A426V2P;
				INFOPLIST_FILE = BetterSwift/Info.plist;
				LD_RUNPATH_SEARCH_PATHS = "$(inherited) @executable_path/Frameworks";
				PRODUCT_BUNDLE_IDENTIFIER = com.hhmeidc.BetterSwift;
				PRODUCT_NAME = "$(TARGET_NAME)";
				SWIFT_VERSION = 4.0;
				TARGETED_DEVICE_FAMILY = "1,2";
			};
			name = Release;
		};
/* End XCBuildConfiguration section */

/* Begin XCConfigurationList section */
		9549B65E1FC6CF3900B04BE0 /* Build configuration list for PBXProject "BetterSwift" */ = {
			isa = XCConfigurationList;
			buildConfigurations = (
				9549B6731FC6CF3900B04BE0 /* Debug */,
				9549B6741FC6CF3900B04BE0 /* Release */,
			);
			defaultConfigurationIsVisible = 0;
			defaultConfigurationName = Release;
		};
		9549B6751FC6CF3900B04BE0 /* Build configuration list for PBXNativeTarget "BetterSwift" */ = {
			isa = XCConfigurationList;
			buildConfigurations = (
				9549B6761FC6CF3900B04BE0 /* Debug */,
				9549B6771FC6CF3900B04BE0 /* Release */,
			);
			defaultConfigurationIsVisible = 0;
			defaultConfigurationName = Release;
		};
/* End XCConfigurationList section */
	};
	rootObject = 9549B65B1FC6CF3900B04BE0 /* Project object */;
}
